// !$*UTF8*$!
{
	archiveVersion = 1;
	classes = {
	};
	objectVersion = 50;
	objects = {

/* Begin PBXBuildFile section */
		EF1C404E24B3AFC20084047B /* AppDelegate.swift in Sources */ = {isa = PBXBuildFile; fileRef = EF1C404D24B3AFC20084047B /* AppDelegate.swift */; };
		EF1C405024B3AFC20084047B /* SceneDelegate.swift in Sources */ = {isa = PBXBuildFile; fileRef = EF1C404F24B3AFC20084047B /* SceneDelegate.swift */; };
		EF1C405224B3AFC20084047B /* ContentView.swift in Sources */ = {isa = PBXBuildFile; fileRef = EF1C405124B3AFC20084047B /* ContentView.swift */; };
		EF1C405424B3AFC50084047B /* Assets.xcassets in Resources */ = {isa = PBXBuildFile; fileRef = EF1C405324B3AFC50084047B /* Assets.xcassets */; };
		EF1C405724B3AFC50084047B /* Preview Assets.xcassets in Resources */ = {isa = PBXBuildFile; fileRef = EF1C405624B3AFC50084047B /* Preview Assets.xcassets */; };
		EF1C405A24B3AFC50084047B /* LaunchScreen.storyboard in Resources */ = {isa = PBXBuildFile; fileRef = EF1C405824B3AFC50084047B /* LaunchScreen.storyboard */; };
		EF1C406524B3AFC60084047B /* Movies_SwiftUITests.swift in Sources */ = {isa = PBXBuildFile; fileRef = EF1C406424B3AFC60084047B /* Movies_SwiftUITests.swift */; };
		EF1C407024B3AFC60084047B /* Movies_SwiftUIUITests.swift in Sources */ = {isa = PBXBuildFile; fileRef = EF1C406F24B3AFC60084047B /* Movies_SwiftUIUITests.swift */; };
/* End PBXBuildFile section */

/* Begin PBXContainerItemProxy section */
		EF1C406124B3AFC60084047B /* PBXContainerItemProxy */ = {
			isa = PBXContainerItemProxy;
			containerPortal = EF1C404224B3AFC20084047B /* Project object */;
			proxyType = 1;
			remoteGlobalIDString = EF1C404924B3AFC20084047B;
			remoteInfo = "Movies-SwiftUI";
		};
		EF1C406C24B3AFC60084047B /* PBXContainerItemProxy */ = {
			isa = PBXContainerItemProxy;
			containerPortal = EF1C404224B3AFC20084047B /* Project object */;
			proxyType = 1;
			remoteGlobalIDString = EF1C404924B3AFC20084047B;
			remoteInfo = "Movies-SwiftUI";
		};
/* End PBXContainerItemProxy section */

/* Begin PBXFileReference section */
		EF1C404A24B3AFC20084047B /* Movies-SwiftUI.app */ = {isa = PBXFileReference; explicitFileType = wrapper.application; includeInIndex = 0; path = "Movies-SwiftUI.app"; sourceTree = BUILT_PRODUCTS_DIR; };
		EF1C404D24B3AFC20084047B /* AppDelegate.swift */ = {isa = PBXFileReference; lastKnownFileType = sourcecode.swift; path = AppDelegate.swift; sourceTree = "<group>"; };
		EF1C404F24B3AFC20084047B /* SceneDelegate.swift */ = {isa = PBXFileReference; lastKnownFileType = sourcecode.swift; path = SceneDelegate.swift; sourceTree = "<group>"; };
		EF1C405124B3AFC20084047B /* ContentView.swift */ = {isa = PBXFileReference; lastKnownFileType = sourcecode.swift; path = ContentView.swift; sourceTree = "<group>"; };
		EF1C405324B3AFC50084047B /* Assets.xcassets */ = {isa = PBXFileReference; lastKnownFileType = folder.assetcatalog; path = Assets.xcassets; sourceTree = "<group>"; };
		EF1C405624B3AFC50084047B /* Preview Assets.xcassets */ = {isa = PBXFileReference; lastKnownFileType = folder.assetcatalog; path = "Preview Assets.xcassets"; sourceTree = "<group>"; };
		EF1C405924B3AFC50084047B /* Base */ = {isa = PBXFileReference; lastKnownFileType = file.storyboard; name = Base; path = Base.lproj/LaunchScreen.storyboard; sourceTree = "<group>"; };
		EF1C405B24B3AFC50084047B /* Info.plist */ = {isa = PBXFileReference; lastKnownFileType = text.plist.xml; path = Info.plist; sourceTree = "<group>"; };
		EF1C406024B3AFC60084047B /* Movies-SwiftUITests.xctest */ = {isa = PBXFileReference; explicitFileType = wrapper.cfbundle; includeInIndex = 0; path = "Movies-SwiftUITests.xctest"; sourceTree = BUILT_PRODUCTS_DIR; };
		EF1C406424B3AFC60084047B /* Movies_SwiftUITests.swift */ = {isa = PBXFileReference; lastKnownFileType = sourcecode.swift; path = Movies_SwiftUITests.swift; sourceTree = "<group>"; };
		EF1C406624B3AFC60084047B /* Info.plist */ = {isa = PBXFileReference; lastKnownFileType = text.plist.xml; path = Info.plist; sourceTree = "<group>"; };
		EF1C406B24B3AFC60084047B /* Movies-SwiftUIUITests.xctest */ = {isa = PBXFileReference; explicitFileType = wrapper.cfbundle; includeInIndex = 0; path = "Movies-SwiftUIUITests.xctest"; sourceTree = BUILT_PRODUCTS_DIR; };
		EF1C406F24B3AFC60084047B /* Movies_SwiftUIUITests.swift */ = {isa = PBXFileReference; lastKnownFileType = sourcecode.swift; path = Movies_SwiftUIUITests.swift; sourceTree = "<group>"; };
		EF1C407124B3AFC60084047B /* Info.plist */ = {isa = PBXFileReference; lastKnownFileType = text.plist.xml; path = Info.plist; sourceTree = "<group>"; };
/* End PBXFileReference section */

/* Begin PBXFrameworksBuildPhase section */
		EF1C404724B3AFC20084047B /* Frameworks */ = {
			isa = PBXFrameworksBuildPhase;
			buildActionMask = 2147483647;
			files = (
			);
			runOnlyForDeploymentPostprocessing = 0;
		};
		EF1C405D24B3AFC60084047B /* Frameworks */ = {
			isa = PBXFrameworksBuildPhase;
			buildActionMask = 2147483647;
			files = (
			);
			runOnlyForDeploymentPostprocessing = 0;
		};
		EF1C406824B3AFC60084047B /* Frameworks */ = {
			isa = PBXFrameworksBuildPhase;
			buildActionMask = 2147483647;
			files = (
			);
			runOnlyForDeploymentPostprocessing = 0;
		};
/* End PBXFrameworksBuildPhase section */

/* Begin PBXGroup section */
		EF1C404124B3AFC20084047B = {
			isa = PBXGroup;
			children = (
				EF1C404C24B3AFC20084047B /* Movies-SwiftUI */,
				EF1C406324B3AFC60084047B /* Movies-SwiftUITests */,
				EF1C406E24B3AFC60084047B /* Movies-SwiftUIUITests */,
				EF1C404B24B3AFC20084047B /* Products */,
			);
			sourceTree = "<group>";
		};
		EF1C404B24B3AFC20084047B /* Products */ = {
			isa = PBXGroup;
			children = (
				EF1C404A24B3AFC20084047B /* Movies-SwiftUI.app */,
				EF1C406024B3AFC60084047B /* Movies-SwiftUITests.xctest */,
				EF1C406B24B3AFC60084047B /* Movies-SwiftUIUITests.xctest */,
			);
			name = Products;
			sourceTree = "<group>";
		};
		EF1C404C24B3AFC20084047B /* Movies-SwiftUI */ = {
			isa = PBXGroup;
			children = (
				EF1C404D24B3AFC20084047B /* AppDelegate.swift */,
				EF1C404F24B3AFC20084047B /* SceneDelegate.swift */,
				EF1C405124B3AFC20084047B /* ContentView.swift */,
				EF1C405324B3AFC50084047B /* Assets.xcassets */,
				EF1C405824B3AFC50084047B /* LaunchScreen.storyboard */,
				EF1C405B24B3AFC50084047B /* Info.plist */,
				EF1C405524B3AFC50084047B /* Preview Content */,
			);
			path = "Movies-SwiftUI";
			sourceTree = "<group>";
		};
		EF1C405524B3AFC50084047B /* Preview Content */ = {
			isa = PBXGroup;
			children = (
				EF1C405624B3AFC50084047B /* Preview Assets.xcassets */,
			);
			path = "Preview Content";
			sourceTree = "<group>";
		};
		EF1C406324B3AFC60084047B /* Movies-SwiftUITests */ = {
			isa = PBXGroup;
			children = (
				EF1C406424B3AFC60084047B /* Movies_SwiftUITests.swift */,
				EF1C406624B3AFC60084047B /* Info.plist */,
			);
			path = "Movies-SwiftUITests";
			sourceTree = "<group>";
		};
		EF1C406E24B3AFC60084047B /* Movies-SwiftUIUITests */ = {
			isa = PBXGroup;
			children = (
				EF1C406F24B3AFC60084047B /* Movies_SwiftUIUITests.swift */,
				EF1C407124B3AFC60084047B /* Info.plist */,
			);
			path = "Movies-SwiftUIUITests";
			sourceTree = "<group>";
		};
/* End PBXGroup section */

/* Begin PBXNativeTarget section */
		EF1C404924B3AFC20084047B /* Movies-SwiftUI */ = {
			isa = PBXNativeTarget;
			buildConfigurationList = EF1C407424B3AFC60084047B /* Build configuration list for PBXNativeTarget "Movies-SwiftUI" */;
			buildPhases = (
				EF1C404624B3AFC20084047B /* Sources */,
				EF1C404724B3AFC20084047B /* Frameworks */,
				EF1C404824B3AFC20084047B /* Resources */,
			);
			buildRules = (
			);
			dependencies = (
			);
			name = "Movies-SwiftUI";
			productName = "Movies-SwiftUI";
			productReference = EF1C404A24B3AFC20084047B /* Movies-SwiftUI.app */;
			productType = "com.apple.product-type.application";
		};
		EF1C405F24B3AFC60084047B /* Movies-SwiftUITests */ = {
			isa = PBXNativeTarget;
			buildConfigurationList = EF1C407724B3AFC60084047B /* Build configuration list for PBXNativeTarget "Movies-SwiftUITests" */;
			buildPhases = (
				EF1C405C24B3AFC60084047B /* Sources */,
				EF1C405D24B3AFC60084047B /* Frameworks */,
				EF1C405E24B3AFC60084047B /* Resources */,
			);
			buildRules = (
			);
			dependencies = (
				EF1C406224B3AFC60084047B /* PBXTargetDependency */,
			);
			name = "Movies-SwiftUITests";
			productName = "Movies-SwiftUITests";
			productReference = EF1C406024B3AFC60084047B /* Movies-SwiftUITests.xctest */;
			productType = "com.apple.product-type.bundle.unit-test";
		};
		EF1C406A24B3AFC60084047B /* Movies-SwiftUIUITests */ = {
			isa = PBXNativeTarget;
			buildConfigurationList = EF1C407A24B3AFC60084047B /* Build configuration list for PBXNativeTarget "Movies-SwiftUIUITests" */;
			buildPhases = (
				EF1C406724B3AFC60084047B /* Sources */,
				EF1C406824B3AFC60084047B /* Frameworks */,
				EF1C406924B3AFC60084047B /* Resources */,
			);
			buildRules = (
			);
			dependencies = (
				EF1C406D24B3AFC60084047B /* PBXTargetDependency */,
			);
			name = "Movies-SwiftUIUITests";
			productName = "Movies-SwiftUIUITests";
			productReference = EF1C406B24B3AFC60084047B /* Movies-SwiftUIUITests.xctest */;
			productType = "com.apple.product-type.bundle.ui-testing";
		};
/* End PBXNativeTarget section */

/* Begin PBXProject section */
		EF1C404224B3AFC20084047B /* Project object */ = {
			isa = PBXProject;
			attributes = {
				LastSwiftUpdateCheck = 1150;
				LastUpgradeCheck = 1150;
				ORGANIZATIONNAME = "Paulo Henrique dos Santos";
				TargetAttributes = {
					EF1C404924B3AFC20084047B = {
						CreatedOnToolsVersion = 11.5;
					};
					EF1C405F24B3AFC60084047B = {
						CreatedOnToolsVersion = 11.5;
						TestTargetID = EF1C404924B3AFC20084047B;
					};
					EF1C406A24B3AFC60084047B = {
						CreatedOnToolsVersion = 11.5;
						TestTargetID = EF1C404924B3AFC20084047B;
					};
				};
			};
			buildConfigurationList = EF1C404524B3AFC20084047B /* Build configuration list for PBXProject "Movies-SwiftUI" */;
			compatibilityVersion = "Xcode 9.3";
			developmentRegion = en;
			hasScannedForEncodings = 0;
			knownRegions = (
				en,
				Base,
			);
			mainGroup = EF1C404124B3AFC20084047B;
			productRefGroup = EF1C404B24B3AFC20084047B /* Products */;
			projectDirPath = "";
			projectRoot = "";
			targets = (
				EF1C404924B3AFC20084047B /* Movies-SwiftUI */,
				EF1C405F24B3AFC60084047B /* Movies-SwiftUITests */,
				EF1C406A24B3AFC60084047B /* Movies-SwiftUIUITests */,
			);
		};
/* End PBXProject section */

/* Begin PBXResourcesBuildPhase section */
		EF1C404824B3AFC20084047B /* Resources */ = {
			isa = PBXResourcesBuildPhase;
			buildActionMask = 2147483647;
			files = (
				EF1C405A24B3AFC50084047B /* LaunchScreen.storyboard in Resources */,
				EF1C405724B3AFC50084047B /* Preview Assets.xcassets in Resources */,
				EF1C405424B3AFC50084047B /* Assets.xcassets in Resources */,
			);
			runOnlyForDeploymentPostprocessing = 0;
		};
		EF1C405E24B3AFC60084047B /* Resources */ = {
			isa = PBXResourcesBuildPhase;
			buildActionMask = 2147483647;
			files = (
			);
			runOnlyForDeploymentPostprocessing = 0;
		};
		EF1C406924B3AFC60084047B /* Resources */ = {
			isa = PBXResourcesBuildPhase;
			buildActionMask = 2147483647;
			files = (
			);
			runOnlyForDeploymentPostprocessing = 0;
		};
/* End PBXResourcesBuildPhase section */

/* Begin PBXSourcesBuildPhase section */
		EF1C404624B3AFC20084047B /* Sources */ = {
			isa = PBXSourcesBuildPhase;
			buildActionMask = 2147483647;
			files = (
				EF1C404E24B3AFC20084047B /* AppDelegate.swift in Sources */,
				EF1C405024B3AFC20084047B /* SceneDelegate.swift in Sources */,
				EF1C405224B3AFC20084047B /* ContentView.swift in Sources */,
			);
			runOnlyForDeploymentPostprocessing = 0;
		};
		EF1C405C24B3AFC60084047B /* Sources */ = {
			isa = PBXSourcesBuildPhase;
			buildActionMask = 2147483647;
			files = (
				EF1C406524B3AFC60084047B /* Movies_SwiftUITests.swift in Sources */,
			);
			runOnlyForDeploymentPostprocessing = 0;
		};
		EF1C406724B3AFC60084047B /* Sources */ = {
			isa = PBXSourcesBuildPhase;
			buildActionMask = 2147483647;
			files = (
				EF1C407024B3AFC60084047B /* Movies_SwiftUIUITests.swift in Sources */,
			);
			runOnlyForDeploymentPostprocessing = 0;
		};
/* End PBXSourcesBuildPhase section */

/* Begin PBXTargetDependency section */
		EF1C406224B3AFC60084047B /* PBXTargetDependency */ = {
			isa = PBXTargetDependency;
			target = EF1C404924B3AFC20084047B /* Movies-SwiftUI */;
			targetProxy = EF1C406124B3AFC60084047B /* PBXContainerItemProxy */;
		};
		EF1C406D24B3AFC60084047B /* PBXTargetDependency */ = {
			isa = PBXTargetDependency;
			target = EF1C404924B3AFC20084047B /* Movies-SwiftUI */;
			targetProxy = EF1C406C24B3AFC60084047B /* PBXContainerItemProxy */;
		};
/* End PBXTargetDependency section */

/* Begin PBXVariantGroup section */
		EF1C405824B3AFC50084047B /* LaunchScreen.storyboard */ = {
			isa = PBXVariantGroup;
			children = (
				EF1C405924B3AFC50084047B /* Base */,
			);
			name = LaunchScreen.storyboard;
			sourceTree = "<group>";
		};
/* End PBXVariantGroup section */

/* Begin XCBuildConfiguration section */
		EF1C407224B3AFC60084047B /* Debug */ = {
			isa = XCBuildConfiguration;
			buildSettings = {
				ALWAYS_SEARCH_USER_PATHS = NO;
				CLANG_ANALYZER_NONNULL = YES;
				CLANG_ANALYZER_NUMBER_OBJECT_CONVERSION = YES_AGGRESSIVE;
				CLANG_CXX_LANGUAGE_STANDARD = "gnu++14";
				CLANG_CXX_LIBRARY = "libc++";
				CLANG_ENABLE_MODULES = YES;
				CLANG_ENABLE_OBJC_ARC = YES;
				CLANG_ENABLE_OBJC_WEAK = YES;
				CLANG_WARN_BLOCK_CAPTURE_AUTORELEASING = YES;
				CLANG_WARN_BOOL_CONVERSION = YES;
				CLANG_WARN_COMMA = YES;
				CLANG_WARN_CONSTANT_CONVERSION = YES;
				CLANG_WARN_DEPRECATED_OBJC_IMPLEMENTATIONS = YES;
				CLANG_WARN_DIRECT_OBJC_ISA_USAGE = YES_ERROR;
				CLANG_WARN_DOCUMENTATION_COMMENTS = YES;
				CLANG_WARN_EMPTY_BODY = YES;
				CLANG_WARN_ENUM_CONVERSION = YES;
				CLANG_WARN_INFINITE_RECURSION = YES;
				CLANG_WARN_INT_CONVERSION = YES;
				CLANG_WARN_NON_LITERAL_NULL_CONVERSION = YES;
				CLANG_WARN_OBJC_IMPLICIT_RETAIN_SELF = YES;
				CLANG_WARN_OBJC_LITERAL_CONVERSION = YES;
				CLANG_WARN_OBJC_ROOT_CLASS = YES_ERROR;
				CLANG_WARN_RANGE_LOOP_ANALYSIS = YES;
				CLANG_WARN_STRICT_PROTOTYPES = YES;
				CLANG_WARN_SUSPICIOUS_MOVE = YES;
				CLANG_WARN_UNGUARDED_AVAILABILITY = YES_AGGRESSIVE;
				CLANG_WARN_UNREACHABLE_CODE = YES;
				CLANG_WARN__DUPLICATE_METHOD_MATCH = YES;
				COPY_PHASE_STRIP = NO;
				DEBUG_INFORMATION_FORMAT = dwarf;
				ENABLE_STRICT_OBJC_MSGSEND = YES;
				ENABLE_TESTABILITY = YES;
				GCC_C_LANGUAGE_STANDARD = gnu11;
				GCC_DYNAMIC_NO_PIC = NO;
				GCC_NO_COMMON_BLOCKS = YES;
				GCC_OPTIMIZATION_LEVEL = 0;
				GCC_PREPROCESSOR_DEFINITIONS = (
					"DEBUG=1",
					"$(inherited)",
				);
				GCC_WARN_64_TO_32_BIT_CONVERSION = YES;
				GCC_WARN_ABOUT_RETURN_TYPE = YES_ERROR;
				GCC_WARN_UNDECLARED_SELECTOR = YES;
				GCC_WARN_UNINITIALIZED_AUTOS = YES_AGGRESSIVE;
				GCC_WARN_UNUSED_FUNCTION = YES;
				GCC_WARN_UNUSED_VARIABLE = YES;
				IPHONEOS_DEPLOYMENT_TARGET = 13.5;
				MTL_ENABLE_DEBUG_INFO = INCLUDE_SOURCE;
				MTL_FAST_MATH = YES;
				ONLY_ACTIVE_ARCH = YES;
				SDKROOT = iphoneos;
				SWIFT_ACTIVE_COMPILATION_CONDITIONS = DEBUG;
				SWIFT_OPTIMIZATION_LEVEL = "-Onone";
			};
			name = Debug;
		};
		EF1C407324B3AFC60084047B /* Release */ = {
			isa = XCBuildConfiguration;
			buildSettings = {
				ALWAYS_SEARCH_USER_PATHS = NO;
				CLANG_ANALYZER_NONNULL = YES;
				CLANG_ANALYZER_NUMBER_OBJECT_CONVERSION = YES_AGGRESSIVE;
				CLANG_CXX_LANGUAGE_STANDARD = "gnu++14";
				CLANG_CXX_LIBRARY = "libc++";
				CLANG_ENABLE_MODULES = YES;
				CLANG_ENABLE_OBJC_ARC = YES;
				CLANG_ENABLE_OBJC_WEAK = YES;
				CLANG_WARN_BLOCK_CAPTURE_AUTORELEASING = YES;
				CLANG_WARN_BOOL_CONVERSION = YES;
				CLANG_WARN_COMMA = YES;
				CLANG_WARN_CONSTANT_CONVERSION = YES;
				CLANG_WARN_DEPRECATED_OBJC_IMPLEMENTATIONS = YES;
				CLANG_WARN_DIRECT_OBJC_ISA_USAGE = YES_ERROR;
				CLANG_WARN_DOCUMENTATION_COMMENTS = YES;
				CLANG_WARN_EMPTY_BODY = YES;
				CLANG_WARN_ENUM_CONVERSION = YES;
				CLANG_WARN_INFINITE_RECURSION = YES;
				CLANG_WARN_INT_CONVERSION = YES;
				CLANG_WARN_NON_LITERAL_NULL_CONVERSION = YES;
				CLANG_WARN_OBJC_IMPLICIT_RETAIN_SELF = YES;
				CLANG_WARN_OBJC_LITERAL_CONVERSION = YES;
				CLANG_WARN_OBJC_ROOT_CLASS = YES_ERROR;
				CLANG_WARN_RANGE_LOOP_ANALYSIS = YES;
				CLANG_WARN_STRICT_PROTOTYPES = YES;
				CLANG_WARN_SUSPICIOUS_MOVE = YES;
				CLANG_WARN_UNGUARDED_AVAILABILITY = YES_AGGRESSIVE;
				CLANG_WARN_UNREACHABLE_CODE = YES;
				CLANG_WARN__DUPLICATE_METHOD_MATCH = YES;
				COPY_PHASE_STRIP = NO;
				DEBUG_INFORMATION_FORMAT = "dwarf-with-dsym";
				ENABLE_NS_ASSERTIONS = NO;
				ENABLE_STRICT_OBJC_MSGSEND = YES;
				GCC_C_LANGUAGE_STANDARD = gnu11;
				GCC_NO_COMMON_BLOCKS = YES;
				GCC_WARN_64_TO_32_BIT_CONVERSION = YES;
				GCC_WARN_ABOUT_RETURN_TYPE = YES_ERROR;
				GCC_WARN_UNDECLARED_SELECTOR = YES;
				GCC_WARN_UNINITIALIZED_AUTOS = YES_AGGRESSIVE;
				GCC_WARN_UNUSED_FUNCTION = YES;
				GCC_WARN_UNUSED_VARIABLE = YES;
				IPHONEOS_DEPLOYMENT_TARGET = 13.5;
				MTL_ENABLE_DEBUG_INFO = NO;
				MTL_FAST_MATH = YES;
				SDKROOT = iphoneos;
				SWIFT_COMPILATION_MODE = wholemodule;
				SWIFT_OPTIMIZATION_LEVEL = "-O";
				VALIDATE_PRODUCT = YES;
			};
			name = Release;
		};
		EF1C407524B3AFC60084047B /* Debug */ = {
			isa = XCBuildConfiguration;
			buildSettings = {
				ASSETCATALOG_COMPILER_APPICON_NAME = AppIcon;
				CODE_SIGN_STYLE = Automatic;
				DEVELOPMENT_ASSET_PATHS = "\"Movies-SwiftUI/Preview Content\"";
				ENABLE_PREVIEWS = YES;
				INFOPLIST_FILE = "Movies-SwiftUI/Info.plist";
				LD_RUNPATH_SEARCH_PATHS = (
					"$(inherited)",
					"@executable_path/Frameworks",
				);
				PRODUCT_BUNDLE_IDENTIFIER = "com.thoughtworks.Movies-SwiftUI";
				PRODUCT_NAME = "$(TARGET_NAME)";
				SWIFT_VERSION = 5.0;
				TARGETED_DEVICE_FAMILY = "1,2";
			};
			name = Debug;
		};
		EF1C407624B3AFC60084047B /* Release */ = {
			isa = XCBuildConfiguration;
			buildSettings = {
				ASSETCATALOG_COMPILER_APPICON_NAME = AppIcon;
				CODE_SIGN_STYLE = Automatic;
				DEVELOPMENT_ASSET_PATHS = "\"Movies-SwiftUI/Preview Content\"";
				ENABLE_PREVIEWS = YES;
				INFOPLIST_FILE = "Movies-SwiftUI/Info.plist";
				LD_RUNPATH_SEARCH_PATHS = (
					"$(inherited)",
					"@executable_path/Frameworks",
				);
				PRODUCT_BUNDLE_IDENTIFIER = "com.thoughtworks.Movies-SwiftUI";
				PRODUCT_NAME = "$(TARGET_NAME)";
				SWIFT_VERSION = 5.0;
				TARGETED_DEVICE_FAMILY = "1,2";
			};
			name = Release;
		};
		EF1C407824B3AFC60084047B /* Debug */ = {
			isa = XCBuildConfiguration;
			buildSettings = {
				ALWAYS_EMBED_SWIFT_STANDARD_LIBRARIES = YES;
				BUNDLE_LOADER = "$(TEST_HOST)";
				CODE_SIGN_STYLE = Automatic;
				INFOPLIST_FILE = "Movies-SwiftUITests/Info.plist";
				IPHONEOS_DEPLOYMENT_TARGET = 13.5;
				LD_RUNPATH_SEARCH_PATHS = (
					"$(inherited)",
					"@executable_path/Frameworks",
					"@loader_path/Frameworks",
				);
				PRODUCT_BUNDLE_IDENTIFIER = "com.thoughtworks.Movies-SwiftUITests";
				PRODUCT_NAME = "$(TARGET_NAME)";
				SWIFT_VERSION = 5.0;
				TARGETED_DEVICE_FAMILY = "1,2";
				TEST_HOST = "$(BUILT_PRODUCTS_DIR)/Movies-SwiftUI.app/Movies-SwiftUI";
			};
			name = Debug;
		};
		EF1C407924B3AFC60084047B /* Release */ = {
			isa = XCBuildConfiguration;
			buildSettings = {
				ALWAYS_EMBED_SWIFT_STANDARD_LIBRARIES = YES;
				BUNDLE_LOADER = "$(TEST_HOST)";
				CODE_SIGN_STYLE = Automatic;
				INFOPLIST_FILE = "Movies-SwiftUITests/Info.plist";
				IPHONEOS_DEPLOYMENT_TARGET = 13.5;
				LD_RUNPATH_SEARCH_PATHS = (
					"$(inherited)",
					"@executable_path/Frameworks",
					"@loader_path/Frameworks",
				);
				PRODUCT_BUNDLE_IDENTIFIER = "com.thoughtworks.Movies-SwiftUITests";
				PRODUCT_NAME = "$(TARGET_NAME)";
				SWIFT_VERSION = 5.0;
				TARGETED_DEVICE_FAMILY = "1,2";
				TEST_HOST = "$(BUILT_PRODUCTS_DIR)/Movies-SwiftUI.app/Movies-SwiftUI";
			};
			name = Release;
		};
		EF1C407B24B3AFC60084047B /* Debug */ = {
			isa = XCBuildConfiguration;
			buildSettings = {
				ALWAYS_EMBED_SWIFT_STANDARD_LIBRARIES = YES;
				CODE_SIGN_STYLE = Automatic;
				INFOPLIST_FILE = "Movies-SwiftUIUITests/Info.plist";
				LD_RUNPATH_SEARCH_PATHS = (
					"$(inherited)",
					"@executable_path/Frameworks",
					"@loader_path/Frameworks",
				);
				PRODUCT_BUNDLE_IDENTIFIER = "com.thoughtworks.Movies-SwiftUIUITests";
				PRODUCT_NAME = "$(TARGET_NAME)";
				SWIFT_VERSION = 5.0;
				TARGETED_DEVICE_FAMILY = "1,2";
				TEST_TARGET_NAME = "Movies-SwiftUI";
			};
			name = Debug;
		};
		EF1C407C24B3AFC60084047B /* Release */ = {
			isa = XCBuildConfiguration;
			buildSettings = {
				ALWAYS_EMBED_SWIFT_STANDARD_LIBRARIES = YES;
				CODE_SIGN_STYLE = Automatic;
				INFOPLIST_FILE = "Movies-SwiftUIUITests/Info.plist";
				LD_RUNPATH_SEARCH_PATHS = (
					"$(inherited)",
					"@executable_path/Frameworks",
					"@loader_path/Frameworks",
				);
				PRODUCT_BUNDLE_IDENTIFIER = "com.thoughtworks.Movies-SwiftUIUITests";
				PRODUCT_NAME = "$(TARGET_NAME)";
				SWIFT_VERSION = 5.0;
				TARGETED_DEVICE_FAMILY = "1,2";
				TEST_TARGET_NAME = "Movies-SwiftUI";
			};
			name = Release;
		};
/* End XCBuildConfiguration section */

/* Begin XCConfigurationList section */
		EF1C404524B3AFC20084047B /* Build configuration list for PBXProject "Movies-SwiftUI" */ = {
			isa = XCConfigurationList;
			buildConfigurations = (
				EF1C407224B3AFC60084047B /* Debug */,
				EF1C407324B3AFC60084047B /* Release */,
			);
			defaultConfigurationIsVisible = 0;
			defaultConfigurationName = Release;
		};
		EF1C407424B3AFC60084047B /* Build configuration list for PBXNativeTarget "Movies-SwiftUI" */ = {
			isa = XCConfigurationList;
			buildConfigurations = (
				EF1C407524B3AFC60084047B /* Debug */,
				EF1C407624B3AFC60084047B /* Release */,
			);
			defaultConfigurationIsVisible = 0;
			defaultConfigurationName = Release;
		};
		EF1C407724B3AFC60084047B /* Build configuration list for PBXNativeTarget "Movies-SwiftUITests" */ = {
			isa = XCConfigurationList;
			buildConfigurations = (
				EF1C407824B3AFC60084047B /* Debug */,
				EF1C407924B3AFC60084047B /* Release */,
			);
			defaultConfigurationIsVisible = 0;
			defaultConfigurationName = Release;
		};
		EF1C407A24B3AFC60084047B /* Build configuration list for PBXNativeTarget "Movies-SwiftUIUITests" */ = {
			isa = XCConfigurationList;
			buildConfigurations = (
				EF1C407B24B3AFC60084047B /* Debug */,
				EF1C407C24B3AFC60084047B /* Release */,
			);
			defaultConfigurationIsVisible = 0;
			defaultConfigurationName = Release;
		};
/* End XCConfigurationList section */
	};
	rootObject = EF1C404224B3AFC20084047B /* Project object */;
}
